
Microsoft Visual Studio Solution File, Format Version 12.00
# Visual Studio Version 16
VisualStudioVersion = 16.0.29519.87
MinimumVisualStudioVersion = 10.0.40219.1
Project("{8BC9CEB8-8B4A-11D0-8D11-00A0C91BC942}") = "Project1", "Project1\Project1.vcxproj", "{70ED2593-6B9A-4B5F-A6C7-E2A357428A46}"
EndProject
Global
	GlobalSection(SolutionConfigurationPlatforms) = preSolution
		Debug|x64 = Debug|x64
		Debug|x86 = Debug|x86
		Release|x64 = Release|x64
		Release|x86 = Release|x86
	EndGlobalSection
	GlobalSection(ProjectConfigurationPlatforms) = postSolution
		{70ED2593-6B9A-4B5F-A6C7-E2A357428A46}.Debug|x64.ActiveCfg = Debug|x64
		{70ED2593-6B9A-4B5F-A6C7-E2A357428A46}.Debug|x64.Build.0 = Debug|x64
		{70ED2593-6B9A-4B5F-A6C7-E2A357428A46}.Debug|x86.ActiveCfg = Debug|Win32
		{70ED2593-6B9A-4B5F-A6C7-E2A357428A46}.Debug|x86.Build.0 = Debug|Win32
		{70ED2593-6B9A-4B5F-A6C7-E2A357428A46}.Release|x64.ActiveCfg = Release|x64
		{70ED2593-6B9A-4B5F-A6C7-E2A357428A46}.Release|x64.Build.0 = Release|x64
		{70ED2593-6B9A-4B5F-A6C7-E2A357428A46}.Release|x86.ActiveCfg = Release|Win32
		{70ED2593-6B9A-4B5F-A6C7-E2A357428A46}.Release|x86.Build.0 = Release|Win32
	EndGlobalSection
	GlobalSection(SolutionProperties) = preSolution
		HideSolutionNode = FALSE
	EndGlobalSection
	GlobalSection(ExtensibilityGlobals) = postSolution
		SolutionGuid = {D033D3F5-9445-4EBB-B80F-04132E93ECC7}
	EndGlobalSection
EndGlobal
